// !$*UTF8*$!
{
	archiveVersion = 1;
	classes = {
	};
	objectVersion = 50;
	objects = {

/* Begin PBXBuildFile section */
		41DC217C239827E70082F8EA /* AppDelegate.swift in Sources */ = {isa = PBXBuildFile; fileRef = 41DC217B239827E70082F8EA /* AppDelegate.swift */; };
		41DC217E239827E70082F8EA /* SceneDelegate.swift in Sources */ = {isa = PBXBuildFile; fileRef = 41DC217D239827E70082F8EA /* SceneDelegate.swift */; };
		41DC2180239827E70082F8EA /* ContentView.swift in Sources */ = {isa = PBXBuildFile; fileRef = 41DC217F239827E70082F8EA /* ContentView.swift */; };
		41DC2182239827E80082F8EA /* Assets.xcassets in Resources */ = {isa = PBXBuildFile; fileRef = 41DC2181239827E80082F8EA /* Assets.xcassets */; };
		41DC2185239827E80082F8EA /* Preview Assets.xcassets in Resources */ = {isa = PBXBuildFile; fileRef = 41DC2184239827E80082F8EA /* Preview Assets.xcassets */; };
		41DC2188239827E80082F8EA /* LaunchScreen.storyboard in Resources */ = {isa = PBXBuildFile; fileRef = 41DC2186239827E80082F8EA /* LaunchScreen.storyboard */; };
		41DC2193239827E80082F8EA /* BullsEyeTests.swift in Sources */ = {isa = PBXBuildFile; fileRef = 41DC2192239827E80082F8EA /* BullsEyeTests.swift */; };
		41DC219E239827E80082F8EA /* BullsEyeUITests.swift in Sources */ = {isa = PBXBuildFile; fileRef = 41DC219D239827E80082F8EA /* BullsEyeUITests.swift */; };
		41DC21AC239C15490082F8EA /* AboutView.swift in Sources */ = {isa = PBXBuildFile; fileRef = 41DC21AB239C15490082F8EA /* AboutView.swift */; };
/* End PBXBuildFile section */

/* Begin PBXContainerItemProxy section */
		41DC218F239827E80082F8EA /* PBXContainerItemProxy */ = {
			isa = PBXContainerItemProxy;
			containerPortal = 41DC2170239827E70082F8EA /* Project object */;
			proxyType = 1;
			remoteGlobalIDString = 41DC2177239827E70082F8EA;
			remoteInfo = BullsEye;
		};
		41DC219A239827E80082F8EA /* PBXContainerItemProxy */ = {
			isa = PBXContainerItemProxy;
			containerPortal = 41DC2170239827E70082F8EA /* Project object */;
			proxyType = 1;
			remoteGlobalIDString = 41DC2177239827E70082F8EA;
			remoteInfo = BullsEye;
		};
/* End PBXContainerItemProxy section */

/* Begin PBXFileReference section */
		41DC2178239827E70082F8EA /* BullsEye.app */ = {isa = PBXFileReference; explicitFileType = wrapper.application; includeInIndex = 0; path = BullsEye.app; sourceTree = BUILT_PRODUCTS_DIR; };
		41DC217B239827E70082F8EA /* AppDelegate.swift */ = {isa = PBXFileReference; lastKnownFileType = sourcecode.swift; path = AppDelegate.swift; sourceTree = "<group>"; };
		41DC217D239827E70082F8EA /* SceneDelegate.swift */ = {isa = PBXFileReference; lastKnownFileType = sourcecode.swift; path = SceneDelegate.swift; sourceTree = "<group>"; };
		41DC217F239827E70082F8EA /* ContentView.swift */ = {isa = PBXFileReference; lastKnownFileType = sourcecode.swift; path = ContentView.swift; sourceTree = "<group>"; };
		41DC2181239827E80082F8EA /* Assets.xcassets */ = {isa = PBXFileReference; lastKnownFileType = folder.assetcatalog; path = Assets.xcassets; sourceTree = "<group>"; };
		41DC2184239827E80082F8EA /* Preview Assets.xcassets */ = {isa = PBXFileReference; lastKnownFileType = folder.assetcatalog; path = "Preview Assets.xcassets"; sourceTree = "<group>"; };
		41DC2187239827E80082F8EA /* Base */ = {isa = PBXFileReference; lastKnownFileType = file.storyboard; name = Base; path = Base.lproj/LaunchScreen.storyboard; sourceTree = "<group>"; };
		41DC2189239827E80082F8EA /* Info.plist */ = {isa = PBXFileReference; lastKnownFileType = text.plist.xml; path = Info.plist; sourceTree = "<group>"; };
		41DC218E239827E80082F8EA /* BullsEyeTests.xctest */ = {isa = PBXFileReference; explicitFileType = wrapper.cfbundle; includeInIndex = 0; path = BullsEyeTests.xctest; sourceTree = BUILT_PRODUCTS_DIR; };
		41DC2192239827E80082F8EA /* BullsEyeTests.swift */ = {isa = PBXFileReference; lastKnownFileType = sourcecode.swift; path = BullsEyeTests.swift; sourceTree = "<group>"; };
		41DC2194239827E80082F8EA /* Info.plist */ = {isa = PBXFileReference; lastKnownFileType = text.plist.xml; path = Info.plist; sourceTree = "<group>"; };
		41DC2199239827E80082F8EA /* BullsEyeUITests.xctest */ = {isa = PBXFileReference; explicitFileType = wrapper.cfbundle; includeInIndex = 0; path = BullsEyeUITests.xctest; sourceTree = BUILT_PRODUCTS_DIR; };
		41DC219D239827E80082F8EA /* BullsEyeUITests.swift */ = {isa = PBXFileReference; lastKnownFileType = sourcecode.swift; path = BullsEyeUITests.swift; sourceTree = "<group>"; };
		41DC219F239827E80082F8EA /* Info.plist */ = {isa = PBXFileReference; lastKnownFileType = text.plist.xml; path = Info.plist; sourceTree = "<group>"; };
		41DC21AB239C15490082F8EA /* AboutView.swift */ = {isa = PBXFileReference; lastKnownFileType = sourcecode.swift; path = AboutView.swift; sourceTree = "<group>"; };
/* End PBXFileReference section */

/* Begin PBXFrameworksBuildPhase section */
		41DC2175239827E70082F8EA /* Frameworks */ = {
			isa = PBXFrameworksBuildPhase;
			buildActionMask = 2147483647;
			files = (
			);
			runOnlyForDeploymentPostprocessing = 0;
		};
		41DC218B239827E80082F8EA /* Frameworks */ = {
			isa = PBXFrameworksBuildPhase;
			buildActionMask = 2147483647;
			files = (
			);
			runOnlyForDeploymentPostprocessing = 0;
		};
		41DC2196239827E80082F8EA /* Frameworks */ = {
			isa = PBXFrameworksBuildPhase;
			buildActionMask = 2147483647;
			files = (
			);
			runOnlyForDeploymentPostprocessing = 0;
		};
/* End PBXFrameworksBuildPhase section */

/* Begin PBXGroup section */
		41DC216F239827E70082F8EA = {
			isa = PBXGroup;
			children = (
				41DC217A239827E70082F8EA /* BullsEye */,
				41DC2191239827E80082F8EA /* BullsEyeTests */,
				41DC219C239827E80082F8EA /* BullsEyeUITests */,
				41DC2179239827E70082F8EA /* Products */,
			);
			sourceTree = "<group>";
		};
		41DC2179239827E70082F8EA /* Products */ = {
			isa = PBXGroup;
			children = (
				41DC2178239827E70082F8EA /* BullsEye.app */,
				41DC218E239827E80082F8EA /* BullsEyeTests.xctest */,
				41DC2199239827E80082F8EA /* BullsEyeUITests.xctest */,
			);
			name = Products;
			sourceTree = "<group>";
		};
		41DC217A239827E70082F8EA /* BullsEye */ = {
			isa = PBXGroup;
			children = (
				41DC217B239827E70082F8EA /* AppDelegate.swift */,
				41DC217D239827E70082F8EA /* SceneDelegate.swift */,
				41DC217F239827E70082F8EA /* ContentView.swift */,
				41DC21AB239C15490082F8EA /* AboutView.swift */,
				41DC2181239827E80082F8EA /* Assets.xcassets */,
				41DC2186239827E80082F8EA /* LaunchScreen.storyboard */,
				41DC2189239827E80082F8EA /* Info.plist */,
				41DC2183239827E80082F8EA /* Preview Content */,
			);
			path = BullsEye;
			sourceTree = "<group>";
		};
		41DC2183239827E80082F8EA /* Preview Content */ = {
			isa = PBXGroup;
			children = (
				41DC2184239827E80082F8EA /* Preview Assets.xcassets */,
			);
			path = "Preview Content";
			sourceTree = "<group>";
		};
		41DC2191239827E80082F8EA /* BullsEyeTests */ = {
			isa = PBXGroup;
			children = (
				41DC2192239827E80082F8EA /* BullsEyeTests.swift */,
				41DC2194239827E80082F8EA /* Info.plist */,
			);
			path = BullsEyeTests;
			sourceTree = "<group>";
		};
		41DC219C239827E80082F8EA /* BullsEyeUITests */ = {
			isa = PBXGroup;
			children = (
				41DC219D239827E80082F8EA /* BullsEyeUITests.swift */,
				41DC219F239827E80082F8EA /* Info.plist */,
			);
			path = BullsEyeUITests;
			sourceTree = "<group>";
		};
/* End PBXGroup section */

/* Begin PBXNativeTarget section */
		41DC2177239827E70082F8EA /* BullsEye */ = {
			isa = PBXNativeTarget;
			buildConfigurationList = 41DC21A2239827E80082F8EA /* Build configuration list for PBXNativeTarget "BullsEye" */;
			buildPhases = (
				41DC2174239827E70082F8EA /* Sources */,
				41DC2175239827E70082F8EA /* Frameworks */,
				41DC2176239827E70082F8EA /* Resources */,
			);
			buildRules = (
			);
			dependencies = (
			);
			name = BullsEye;
			productName = BullsEye;
			productReference = 41DC2178239827E70082F8EA /* BullsEye.app */;
			productType = "com.apple.product-type.application";
		};
		41DC218D239827E80082F8EA /* BullsEyeTests */ = {
			isa = PBXNativeTarget;
			buildConfigurationList = 41DC21A5239827E80082F8EA /* Build configuration list for PBXNativeTarget "BullsEyeTests" */;
			buildPhases = (
				41DC218A239827E80082F8EA /* Sources */,
				41DC218B239827E80082F8EA /* Frameworks */,
				41DC218C239827E80082F8EA /* Resources */,
			);
			buildRules = (
			);
			dependencies = (
				41DC2190239827E80082F8EA /* PBXTargetDependency */,
			);
			name = BullsEyeTests;
			productName = BullsEyeTests;
			productReference = 41DC218E239827E80082F8EA /* BullsEyeTests.xctest */;
			productType = "com.apple.product-type.bundle.unit-test";
		};
		41DC2198239827E80082F8EA /* BullsEyeUITests */ = {
			isa = PBXNativeTarget;
			buildConfigurationList = 41DC21A8239827E80082F8EA /* Build configuration list for PBXNativeTarget "BullsEyeUITests" */;
			buildPhases = (
				41DC2195239827E80082F8EA /* Sources */,
				41DC2196239827E80082F8EA /* Frameworks */,
				41DC2197239827E80082F8EA /* Resources */,
			);
			buildRules = (
			);
			dependencies = (
				41DC219B239827E80082F8EA /* PBXTargetDependency */,
			);
			name = BullsEyeUITests;
			productName = BullsEyeUITests;
			productReference = 41DC2199239827E80082F8EA /* BullsEyeUITests.xctest */;
			productType = "com.apple.product-type.bundle.ui-testing";
		};
/* End PBXNativeTarget section */

/* Begin PBXProject section */
		41DC2170239827E70082F8EA /* Project object */ = {
			isa = PBXProject;
			attributes = {
				LastSwiftUpdateCheck = 1120;
				LastUpgradeCheck = 1120;
				ORGANIZATIONNAME = "Alexander Perse";
				TargetAttributes = {
					41DC2177239827E70082F8EA = {
						CreatedOnToolsVersion = 11.2.1;
					};
					41DC218D239827E80082F8EA = {
						CreatedOnToolsVersion = 11.2.1;
						TestTargetID = 41DC2177239827E70082F8EA;
					};
					41DC2198239827E80082F8EA = {
						CreatedOnToolsVersion = 11.2.1;
						TestTargetID = 41DC2177239827E70082F8EA;
					};
				};
			};
			buildConfigurationList = 41DC2173239827E70082F8EA /* Build configuration list for PBXProject "BullsEye" */;
			compatibilityVersion = "Xcode 9.3";
			developmentRegion = en;
			hasScannedForEncodings = 0;
			knownRegions = (
				en,
				Base,
			);
			mainGroup = 41DC216F239827E70082F8EA;
			productRefGroup = 41DC2179239827E70082F8EA /* Products */;
			projectDirPath = "";
			projectRoot = "";
			targets = (
				41DC2177239827E70082F8EA /* BullsEye */,
				41DC218D239827E80082F8EA /* BullsEyeTests */,
				41DC2198239827E80082F8EA /* BullsEyeUITests */,
			);
		};
/* End PBXProject section */

/* Begin PBXResourcesBuildPhase section */
		41DC2176239827E70082F8EA /* Resources */ = {
			isa = PBXResourcesBuildPhase;
			buildActionMask = 2147483647;
			files = (
				41DC2188239827E80082F8EA /* LaunchScreen.storyboard in Resources */,
				41DC2185239827E80082F8EA /* Preview Assets.xcassets in Resources */,
				41DC2182239827E80082F8EA /* Assets.xcassets in Resources */,
			);
			runOnlyForDeploymentPostprocessing = 0;
		};
		41DC218C239827E80082F8EA /* Resources */ = {
			isa = PBXResourcesBuildPhase;
			buildActionMask = 2147483647;
			files = (
			);
			runOnlyForDeploymentPostprocessing = 0;
		};
		41DC2197239827E80082F8EA /* Resources */ = {
			isa = PBXResourcesBuildPhase;
			buildActionMask = 2147483647;
			files = (
			);
			runOnlyForDeploymentPostprocessing = 0;
		};
/* End PBXResourcesBuildPhase section */

/* Begin PBXSourcesBuildPhase section */
		41DC2174239827E70082F8EA /* Sources */ = {
			isa = PBXSourcesBuildPhase;
			buildActionMask = 2147483647;
			files = (
				41DC21AC239C15490082F8EA /* AboutView.swift in Sources */,
				41DC217C239827E70082F8EA /* AppDelegate.swift in Sources */,
				41DC217E239827E70082F8EA /* SceneDelegate.swift in Sources */,
				41DC2180239827E70082F8EA /* ContentView.swift in Sources */,
			);
			runOnlyForDeploymentPostprocessing = 0;
		};
		41DC218A239827E80082F8EA /* Sources */ = {
			isa = PBXSourcesBuildPhase;
			buildActionMask = 2147483647;
			files = (
				41DC2193239827E80082F8EA /* BullsEyeTests.swift in Sources */,
			);
			runOnlyForDeploymentPostprocessing = 0;
		};
		41DC2195239827E80082F8EA /* Sources */ = {
			isa = PBXSourcesBuildPhase;
			buildActionMask = 2147483647;
			files = (
				41DC219E239827E80082F8EA /* BullsEyeUITests.swift in Sources */,
			);
			runOnlyForDeploymentPostprocessing = 0;
		};
/* End PBXSourcesBuildPhase section */

/* Begin PBXTargetDependency section */
		41DC2190239827E80082F8EA /* PBXTargetDependency */ = {
			isa = PBXTargetDependency;
			target = 41DC2177239827E70082F8EA /* BullsEye */;
			targetProxy = 41DC218F239827E80082F8EA /* PBXContainerItemProxy */;
		};
		41DC219B239827E80082F8EA /* PBXTargetDependency */ = {
			isa = PBXTargetDependency;
			target = 41DC2177239827E70082F8EA /* BullsEye */;
			targetProxy = 41DC219A239827E80082F8EA /* PBXContainerItemProxy */;
		};
/* End PBXTargetDependency section */

/* Begin PBXVariantGroup section */
		41DC2186239827E80082F8EA /* LaunchScreen.storyboard */ = {
			isa = PBXVariantGroup;
			children = (
				41DC2187239827E80082F8EA /* Base */,
			);
			name = LaunchScreen.storyboard;
			sourceTree = "<group>";
		};
/* End PBXVariantGroup section */

/* Begin XCBuildConfiguration section */
		41DC21A0239827E80082F8EA /* Debug */ = {
			isa = XCBuildConfiguration;
			buildSettings = {
				ALWAYS_SEARCH_USER_PATHS = NO;
				CLANG_ANALYZER_NONNULL = YES;
				CLANG_ANALYZER_NUMBER_OBJECT_CONVERSION = YES_AGGRESSIVE;
				CLANG_CXX_LANGUAGE_STANDARD = "gnu++14";
				CLANG_CXX_LIBRARY = "libc++";
				CLANG_ENABLE_MODULES = YES;
				CLANG_ENABLE_OBJC_ARC = YES;
				CLANG_ENABLE_OBJC_WEAK = YES;
				CLANG_WARN_BLOCK_CAPTURE_AUTORELEASING = YES;
				CLANG_WARN_BOOL_CONVERSION = YES;
				CLANG_WARN_COMMA = YES;
				CLANG_WARN_CONSTANT_CONVERSION = YES;
				CLANG_WARN_DEPRECATED_OBJC_IMPLEMENTATIONS = YES;
				CLANG_WARN_DIRECT_OBJC_ISA_USAGE = YES_ERROR;
				CLANG_WARN_DOCUMENTATION_COMMENTS = YES;
				CLANG_WARN_EMPTY_BODY = YES;
				CLANG_WARN_ENUM_CONVERSION = YES;
				CLANG_WARN_INFINITE_RECURSION = YES;
				CLANG_WARN_INT_CONVERSION = YES;
				CLANG_WARN_NON_LITERAL_NULL_CONVERSION = YES;
				CLANG_WARN_OBJC_IMPLICIT_RETAIN_SELF = YES;
				CLANG_WARN_OBJC_LITERAL_CONVERSION = YES;
				CLANG_WARN_OBJC_ROOT_CLASS = YES_ERROR;
				CLANG_WARN_RANGE_LOOP_ANALYSIS = YES;
				CLANG_WARN_STRICT_PROTOTYPES = YES;
				CLANG_WARN_SUSPICIOUS_MOVE = YES;
				CLANG_WARN_UNGUARDED_AVAILABILITY = YES_AGGRESSIVE;
				CLANG_WARN_UNREACHABLE_CODE = YES;
				CLANG_WARN__DUPLICATE_METHOD_MATCH = YES;
				COPY_PHASE_STRIP = NO;
				DEBUG_INFORMATION_FORMAT = dwarf;
				ENABLE_STRICT_OBJC_MSGSEND = YES;
				ENABLE_TESTABILITY = YES;
				GCC_C_LANGUAGE_STANDARD = gnu11;
				GCC_DYNAMIC_NO_PIC = NO;
				GCC_NO_COMMON_BLOCKS = YES;
				GCC_OPTIMIZATION_LEVEL = 0;
				GCC_PREPROCESSOR_DEFINITIONS = (
					"DEBUG=1",
					"$(inherited)",
				);
				GCC_WARN_64_TO_32_BIT_CONVERSION = YES;
				GCC_WARN_ABOUT_RETURN_TYPE = YES_ERROR;
				GCC_WARN_UNDECLARED_SELECTOR = YES;
				GCC_WARN_UNINITIALIZED_AUTOS = YES_AGGRESSIVE;
				GCC_WARN_UNUSED_FUNCTION = YES;
				GCC_WARN_UNUSED_VARIABLE = YES;
				IPHONEOS_DEPLOYMENT_TARGET = 13.2;
				MTL_ENABLE_DEBUG_INFO = INCLUDE_SOURCE;
				MTL_FAST_MATH = YES;
				ONLY_ACTIVE_ARCH = YES;
				SDKROOT = iphoneos;
				SWIFT_ACTIVE_COMPILATION_CONDITIONS = DEBUG;
				SWIFT_OPTIMIZATION_LEVEL = "-Onone";
			};
			name = Debug;
		};
		41DC21A1239827E80082F8EA /* Release */ = {
			isa = XCBuildConfiguration;
			buildSettings = {
				ALWAYS_SEARCH_USER_PATHS = NO;
				CLANG_ANALYZER_NONNULL = YES;
				CLANG_ANALYZER_NUMBER_OBJECT_CONVERSION = YES_AGGRESSIVE;
				CLANG_CXX_LANGUAGE_STANDARD = "gnu++14";
				CLANG_CXX_LIBRARY = "libc++";
				CLANG_ENABLE_MODULES = YES;
				CLANG_ENABLE_OBJC_ARC = YES;
				CLANG_ENABLE_OBJC_WEAK = YES;
				CLANG_WARN_BLOCK_CAPTURE_AUTORELEASING = YES;
				CLANG_WARN_BOOL_CONVERSION = YES;
				CLANG_WARN_COMMA = YES;
				CLANG_WARN_CONSTANT_CONVERSION = YES;
				CLANG_WARN_DEPRECATED_OBJC_IMPLEMENTATIONS = YES;
				CLANG_WARN_DIRECT_OBJC_ISA_USAGE = YES_ERROR;
				CLANG_WARN_DOCUMENTATION_COMMENTS = YES;
				CLANG_WARN_EMPTY_BODY = YES;
				CLANG_WARN_ENUM_CONVERSION = YES;
				CLANG_WARN_INFINITE_RECURSION = YES;
				CLANG_WARN_INT_CONVERSION = YES;
				CLANG_WARN_NON_LITERAL_NULL_CONVERSION = YES;
				CLANG_WARN_OBJC_IMPLICIT_RETAIN_SELF = YES;
				CLANG_WARN_OBJC_LITERAL_CONVERSION = YES;
				CLANG_WARN_OBJC_ROOT_CLASS = YES_ERROR;
				CLANG_WARN_RANGE_LOOP_ANALYSIS = YES;
				CLANG_WARN_STRICT_PROTOTYPES = YES;
				CLANG_WARN_SUSPICIOUS_MOVE = YES;
				CLANG_WARN_UNGUARDED_AVAILABILITY = YES_AGGRESSIVE;
				CLANG_WARN_UNREACHABLE_CODE = YES;
				CLANG_WARN__DUPLICATE_METHOD_MATCH = YES;
				COPY_PHASE_STRIP = NO;
				DEBUG_INFORMATION_FORMAT = "dwarf-with-dsym";
				ENABLE_NS_ASSERTIONS = NO;
				ENABLE_STRICT_OBJC_MSGSEND = YES;
				GCC_C_LANGUAGE_STANDARD = gnu11;
				GCC_NO_COMMON_BLOCKS = YES;
				GCC_WARN_64_TO_32_BIT_CONVERSION = YES;
				GCC_WARN_ABOUT_RETURN_TYPE = YES_ERROR;
				GCC_WARN_UNDECLARED_SELECTOR = YES;
				GCC_WARN_UNINITIALIZED_AUTOS = YES_AGGRESSIVE;
				GCC_WARN_UNUSED_FUNCTION = YES;
				GCC_WARN_UNUSED_VARIABLE = YES;
				IPHONEOS_DEPLOYMENT_TARGET = 13.2;
				MTL_ENABLE_DEBUG_INFO = NO;
				MTL_FAST_MATH = YES;
				SDKROOT = iphoneos;
				SWIFT_COMPILATION_MODE = wholemodule;
				SWIFT_OPTIMIZATION_LEVEL = "-O";
				VALIDATE_PRODUCT = YES;
			};
			name = Release;
		};
		41DC21A3239827E80082F8EA /* Debug */ = {
			isa = XCBuildConfiguration;
			buildSettings = {
				ASSETCATALOG_COMPILER_APPICON_NAME = AppIcon;
				CODE_SIGN_STYLE = Automatic;
				DEVELOPMENT_ASSET_PATHS = "\"BullsEye/Preview Content\"";
				DEVELOPMENT_TEAM = 6K762322RQ;
				ENABLE_PREVIEWS = YES;
				INFOPLIST_FILE = BullsEye/Info.plist;
				LD_RUNPATH_SEARCH_PATHS = (
					"$(inherited)",
					"@executable_path/Frameworks",
				);
				PRODUCT_BUNDLE_IDENTIFIER = com.alexperse.BullsEye;
				PRODUCT_NAME = "$(TARGET_NAME)";
				SWIFT_VERSION = 5.0;
				TARGETED_DEVICE_FAMILY = "1,2";
			};
			name = Debug;
		};
		41DC21A4239827E80082F8EA /* Release */ = {
			isa = XCBuildConfiguration;
			buildSettings = {
				ASSETCATALOG_COMPILER_APPICON_NAME = AppIcon;
				CODE_SIGN_STYLE = Automatic;
				DEVELOPMENT_ASSET_PATHS = "\"BullsEye/Preview Content\"";
				DEVELOPMENT_TEAM = 6K762322RQ;
				ENABLE_PREVIEWS = YES;
				INFOPLIST_FILE = BullsEye/Info.plist;
				LD_RUNPATH_SEARCH_PATHS = (
					"$(inherited)",
					"@executable_path/Frameworks",
				);
				PRODUCT_BUNDLE_IDENTIFIER = com.alexperse.BullsEye;
				PRODUCT_NAME = "$(TARGET_NAME)";
				SWIFT_VERSION = 5.0;
				TARGETED_DEVICE_FAMILY = "1,2";
			};
			name = Release;
		};
		41DC21A6239827E80082F8EA /* Debug */ = {
			isa = XCBuildConfiguration;
			buildSettings = {
				ALWAYS_EMBED_SWIFT_STANDARD_LIBRARIES = YES;
				BUNDLE_LOADER = "$(TEST_HOST)";
				CODE_SIGN_STYLE = Automatic;
				DEVELOPMENT_TEAM = 6K762322RQ;
				INFOPLIST_FILE = BullsEyeTests/Info.plist;
				IPHONEOS_DEPLOYMENT_TARGET = 13.2;
				LD_RUNPATH_SEARCH_PATHS = (
					"$(inherited)",
					"@executable_path/Frameworks",
					"@loader_path/Frameworks",
				);
				PRODUCT_BUNDLE_IDENTIFIER = com.alexperse.BullsEyeTests;
				PRODUCT_NAME = "$(TARGET_NAME)";
				SWIFT_VERSION = 5.0;
				TARGETED_DEVICE_FAMILY = "1,2";
				TEST_HOST = "$(BUILT_PRODUCTS_DIR)/BullsEye.app/BullsEye";
			};
			name = Debug;
		};
		41DC21A7239827E80082F8EA /* Release */ = {
			isa = XCBuildConfiguration;
			buildSettings = {
				ALWAYS_EMBED_SWIFT_STANDARD_LIBRARIES = YES;
				BUNDLE_LOADER = "$(TEST_HOST)";
				CODE_SIGN_STYLE = Automatic;
				DEVELOPMENT_TEAM = 6K762322RQ;
				INFOPLIST_FILE = BullsEyeTests/Info.plist;
				IPHONEOS_DEPLOYMENT_TARGET = 13.2;
				LD_RUNPATH_SEARCH_PATHS = (
					"$(inherited)",
					"@executable_path/Frameworks",
					"@loader_path/Frameworks",
				);
				PRODUCT_BUNDLE_IDENTIFIER = com.alexperse.BullsEyeTests;
				PRODUCT_NAME = "$(TARGET_NAME)";
				SWIFT_VERSION = 5.0;
				TARGETED_DEVICE_FAMILY = "1,2";
				TEST_HOST = "$(BUILT_PRODUCTS_DIR)/BullsEye.app/BullsEye";
			};
			name = Release;
		};
		41DC21A9239827E80082F8EA /* Debug */ = {
			isa = XCBuildConfiguration;
			buildSettings = {
				ALWAYS_EMBED_SWIFT_STANDARD_LIBRARIES = YES;
				CODE_SIGN_STYLE = Automatic;
				DEVELOPMENT_TEAM = 6K762322RQ;
				INFOPLIST_FILE = BullsEyeUITests/Info.plist;
				LD_RUNPATH_SEARCH_PATHS = (
					"$(inherited)",
					"@executable_path/Frameworks",
					"@loader_path/Frameworks",
				);
				PRODUCT_BUNDLE_IDENTIFIER = com.alexperse.BullsEyeUITests;
				PRODUCT_NAME = "$(TARGET_NAME)";
				SWIFT_VERSION = 5.0;
				TARGETED_DEVICE_FAMILY = "1,2";
				TEST_TARGET_NAME = BullsEye;
			};
			name = Debug;
		};
		41DC21AA239827E80082F8EA /* Release */ = {
			isa = XCBuildConfiguration;
			buildSettings = {
				ALWAYS_EMBED_SWIFT_STANDARD_LIBRARIES = YES;
				CODE_SIGN_STYLE = Automatic;
				DEVELOPMENT_TEAM = 6K762322RQ;
				INFOPLIST_FILE = BullsEyeUITests/Info.plist;
				LD_RUNPATH_SEARCH_PATHS = (
					"$(inherited)",
					"@executable_path/Frameworks",
					"@loader_path/Frameworks",
				);
				PRODUCT_BUNDLE_IDENTIFIER = com.alexperse.BullsEyeUITests;
				PRODUCT_NAME = "$(TARGET_NAME)";
				SWIFT_VERSION = 5.0;
				TARGETED_DEVICE_FAMILY = "1,2";
				TEST_TARGET_NAME = BullsEye;
			};
			name = Release;
		};
/* End XCBuildConfiguration section */

/* Begin XCConfigurationList section */
		41DC2173239827E70082F8EA /* Build configuration list for PBXProject "BullsEye" */ = {
			isa = XCConfigurationList;
			buildConfigurations = (
				41DC21A0239827E80082F8EA /* Debug */,
				41DC21A1239827E80082F8EA /* Release */,
			);
			defaultConfigurationIsVisible = 0;
			defaultConfigurationName = Release;
		};
		41DC21A2239827E80082F8EA /* Build configuration list for PBXNativeTarget "BullsEye" */ = {
			isa = XCConfigurationList;
			buildConfigurations = (
				41DC21A3239827E80082F8EA /* Debug */,
				41DC21A4239827E80082F8EA /* Release */,
			);
			defaultConfigurationIsVisible = 0;
			defaultConfigurationName = Release;
		};
		41DC21A5239827E80082F8EA /* Build configuration list for PBXNativeTarget "BullsEyeTests" */ = {
			isa = XCConfigurationList;
			buildConfigurations = (
				41DC21A6239827E80082F8EA /* Debug */,
				41DC21A7239827E80082F8EA /* Release */,
			);
			defaultConfigurationIsVisible = 0;
			defaultConfigurationName = Release;
		};
		41DC21A8239827E80082F8EA /* Build configuration list for PBXNativeTarget "BullsEyeUITests" */ = {
			isa = XCConfigurationList;
			buildConfigurations = (
				41DC21A9239827E80082F8EA /* Debug */,
				41DC21AA239827E80082F8EA /* Release */,
			);
			defaultConfigurationIsVisible = 0;
			defaultConfigurationName = Release;
		};
/* End XCConfigurationList section */
	};
	rootObject = 41DC2170239827E70082F8EA /* Project object */;
}
